// !$*UTF8*$!
{
	archiveVersion = 1;
	classes = {
	};
	objectVersion = 46;
	objects = {

/* Begin PBXBuildFile section */
		8C3C7F081C7BC9F000FF77EE /* AppDelegate.swift in Sources */ = {isa = PBXBuildFile; fileRef = 8C3C7F071C7BC9F000FF77EE /* AppDelegate.swift */; };
		8C3C7F0A1C7BC9F000FF77EE /* ViewController.swift in Sources */ = {isa = PBXBuildFile; fileRef = 8C3C7F091C7BC9F000FF77EE /* ViewController.swift */; };
		8C3C7F0D1C7BC9F000FF77EE /* Main.storyboard in Resources */ = {isa = PBXBuildFile; fileRef = 8C3C7F0B1C7BC9F000FF77EE /* Main.storyboard */; };
		8C3C7F0F1C7BC9F000FF77EE /* Assets.xcassets in Resources */ = {isa = PBXBuildFile; fileRef = 8C3C7F0E1C7BC9F000FF77EE /* Assets.xcassets */; };
		8C3C7F121C7BC9F000FF77EE /* LaunchScreen.storyboard in Resources */ = {isa = PBXBuildFile; fileRef = 8C3C7F101C7BC9F000FF77EE /* LaunchScreen.storyboard */; };
		8C3C7F1B1C7BCD2A00FF77EE /* Keys.plist in Resources */ = {isa = PBXBuildFile; fileRef = 8C3C7F1A1C7BCD2A00FF77EE /* Keys.plist */; };
		90699D0E237D6CD002813A2E /* libPods.a in Frameworks */ = {isa = PBXBuildFile; fileRef = 5B89ED23779F7D887D4A4B0A /* libPods.a */; };
/* End PBXBuildFile section */

/* Begin PBXFileReference section */
		5B89ED23779F7D887D4A4B0A /* libPods.a */ = {isa = PBXFileReference; explicitFileType = archive.ar; includeInIndex = 0; path = libPods.a; sourceTree = BUILT_PRODUCTS_DIR; };
		8C3C7F041C7BC9F000FF77EE /* SimplePolyline.app */ = {isa = PBXFileReference; explicitFileType = wrapper.application; includeInIndex = 0; path = SimplePolyline.app; sourceTree = BUILT_PRODUCTS_DIR; };
		8C3C7F071C7BC9F000FF77EE /* AppDelegate.swift */ = {isa = PBXFileReference; lastKnownFileType = sourcecode.swift; path = AppDelegate.swift; sourceTree = "<group>"; };
		8C3C7F091C7BC9F000FF77EE /* ViewController.swift */ = {isa = PBXFileReference; lastKnownFileType = sourcecode.swift; path = ViewController.swift; sourceTree = "<group>"; };
		8C3C7F0C1C7BC9F000FF77EE /* Base */ = {isa = PBXFileReference; lastKnownFileType = file.storyboard; name = Base; path = Base.lproj/Main.storyboard; sourceTree = "<group>"; };
		8C3C7F0E1C7BC9F000FF77EE /* Assets.xcassets */ = {isa = PBXFileReference; lastKnownFileType = folder.assetcatalog; path = Assets.xcassets; sourceTree = "<group>"; };
		8C3C7F111C7BC9F000FF77EE /* Base */ = {isa = PBXFileReference; lastKnownFileType = file.storyboard; name = Base; path = Base.lproj/LaunchScreen.storyboard; sourceTree = "<group>"; };
		8C3C7F131C7BC9F000FF77EE /* Info.plist */ = {isa = PBXFileReference; lastKnownFileType = text.plist.xml; path = Info.plist; sourceTree = "<group>"; };
		8C3C7F1A1C7BCD2A00FF77EE /* Keys.plist */ = {isa = PBXFileReference; fileEncoding = 4; lastKnownFileType = text.plist.xml; path = Keys.plist; sourceTree = "<group>"; };
		F1112003DB353929F828D4A8 /* Pods.release.xcconfig */ = {isa = PBXFileReference; includeInIndex = 1; lastKnownFileType = text.xcconfig; name = Pods.release.xcconfig; path = "Pods/Target Support Files/Pods/Pods.release.xcconfig"; sourceTree = "<group>"; };
		FB1FC1D6E1AF46D53D0BB422 /* Pods.debug.xcconfig */ = {isa = PBXFileReference; includeInIndex = 1; lastKnownFileType = text.xcconfig; name = Pods.debug.xcconfig; path = "Pods/Target Support Files/Pods/Pods.debug.xcconfig"; sourceTree = "<group>"; };
/* End PBXFileReference section */

/* Begin PBXFrameworksBuildPhase section */
		8C3C7F011C7BC9F000FF77EE /* Frameworks */ = {
			isa = PBXFrameworksBuildPhase;
			buildActionMask = 2147483647;
			files = (
				90699D0E237D6CD002813A2E /* libPods.a in Frameworks */,
			);
			runOnlyForDeploymentPostprocessing = 0;
		};
/* End PBXFrameworksBuildPhase section */

/* Begin PBXGroup section */
		2ED2BCD3E008363422C1D67F /* Pods */ = {
			isa = PBXGroup;
			children = (
				FB1FC1D6E1AF46D53D0BB422 /* Pods.debug.xcconfig */,
				F1112003DB353929F828D4A8 /* Pods.release.xcconfig */,
			);
			name = Pods;
			sourceTree = "<group>";
		};
		51E93CE39404E4F148B81F3C /* Frameworks */ = {
			isa = PBXGroup;
			children = (
				5B89ED23779F7D887D4A4B0A /* libPods.a */,
			);
			name = Frameworks;
			sourceTree = "<group>";
		};
		8C3C7EFB1C7BC9F000FF77EE = {
			isa = PBXGroup;
			children = (
				8C3C7F191C7BCD1A00FF77EE /* Supporting Files */,
				8C3C7F061C7BC9F000FF77EE /* SimplePolyline */,
				8C3C7F051C7BC9F000FF77EE /* Products */,
				2ED2BCD3E008363422C1D67F /* Pods */,
				51E93CE39404E4F148B81F3C /* Frameworks */,
			);
			sourceTree = "<group>";
		};
		8C3C7F051C7BC9F000FF77EE /* Products */ = {
			isa = PBXGroup;
			children = (
				8C3C7F041C7BC9F000FF77EE /* SimplePolyline.app */,
			);
			name = Products;
			sourceTree = "<group>";
		};
		8C3C7F061C7BC9F000FF77EE /* SimplePolyline */ = {
			isa = PBXGroup;
			children = (
				8C3C7F071C7BC9F000FF77EE /* AppDelegate.swift */,
				8C3C7F091C7BC9F000FF77EE /* ViewController.swift */,
				8C3C7F0B1C7BC9F000FF77EE /* Main.storyboard */,
				8C3C7F0E1C7BC9F000FF77EE /* Assets.xcassets */,
				8C3C7F101C7BC9F000FF77EE /* LaunchScreen.storyboard */,
				8C3C7F131C7BC9F000FF77EE /* Info.plist */,
			);
			path = SimplePolyline;
			sourceTree = "<group>";
		};
		8C3C7F191C7BCD1A00FF77EE /* Supporting Files */ = {
			isa = PBXGroup;
			children = (
				8C3C7F1A1C7BCD2A00FF77EE /* Keys.plist */,
			);
			name = "Supporting Files";
			sourceTree = "<group>";
		};
/* End PBXGroup section */

/* Begin PBXNativeTarget section */
		8C3C7F031C7BC9F000FF77EE /* SimplePolyline */ = {
			isa = PBXNativeTarget;
			buildConfigurationList = 8C3C7F161C7BC9F000FF77EE /* Build configuration list for PBXNativeTarget "SimplePolyline" */;
			buildPhases = (
				17CE39863D7A972E47FA562E /* Check Pods Manifest.lock */,
				8C3C7F001C7BC9F000FF77EE /* Sources */,
				8C3C7F011C7BC9F000FF77EE /* Frameworks */,
				8C3C7F021C7BC9F000FF77EE /* Resources */,
				8DDBA57EA298704166C769ED /* Embed Pods Frameworks */,
				DBAB4AD6BCB135C9ACFE6BCD /* Copy Pods Resources */,
			);
			buildRules = (
			);
			dependencies = (
			);
			name = SimplePolyline;
			productName = SimplePolyline;
			productReference = 8C3C7F041C7BC9F000FF77EE /* SimplePolyline.app */;
			productType = "com.apple.product-type.application";
		};
/* End PBXNativeTarget section */

/* Begin PBXProject section */
		8C3C7EFC1C7BC9F000FF77EE /* Project object */ = {
			isa = PBXProject;
			attributes = {
				LastSwiftUpdateCheck = 0710;
				LastUpgradeCheck = 0710;
				ORGANIZATIONNAME = "Julio Cesar Fausto";
				TargetAttributes = {
					8C3C7F031C7BC9F000FF77EE = {
						CreatedOnToolsVersion = 7.1;
					};
				};
			};
			buildConfigurationList = 8C3C7EFF1C7BC9F000FF77EE /* Build configuration list for PBXProject "SimplePolyline" */;
			compatibilityVersion = "Xcode 3.2";
			developmentRegion = English;
			hasScannedForEncodings = 0;
			knownRegions = (
				en,
				Base,
			);
			mainGroup = 8C3C7EFB1C7BC9F000FF77EE;
			productRefGroup = 8C3C7F051C7BC9F000FF77EE /* Products */;
			projectDirPath = "";
			projectRoot = "";
			targets = (
				8C3C7F031C7BC9F000FF77EE /* SimplePolyline */,
			);
		};
/* End PBXProject section */

/* Begin PBXResourcesBuildPhase section */
		8C3C7F021C7BC9F000FF77EE /* Resources */ = {
			isa = PBXResourcesBuildPhase;
			buildActionMask = 2147483647;
			files = (
				8C3C7F1B1C7BCD2A00FF77EE /* Keys.plist in Resources */,
				8C3C7F121C7BC9F000FF77EE /* LaunchScreen.storyboard in Resources */,
				8C3C7F0F1C7BC9F000FF77EE /* Assets.xcassets in Resources */,
				8C3C7F0D1C7BC9F000FF77EE /* Main.storyboard in Resources */,
			);
			runOnlyForDeploymentPostprocessing = 0;
		};
/* End PBXResourcesBuildPhase section */

/* Begin PBXShellScriptBuildPhase section */
		17CE39863D7A972E47FA562E /* Check Pods Manifest.lock */ = {
			isa = PBXShellScriptBuildPhase;
			buildActionMask = 2147483647;
			files = (
			);
			inputPaths = (
			);
			name = "Check Pods Manifest.lock";
			outputPaths = (
			);
			runOnlyForDeploymentPostprocessing = 0;
			shellPath = /bin/sh;
			shellScript = "diff \"${PODS_ROOT}/../Podfile.lock\" \"${PODS_ROOT}/Manifest.lock\" > /dev/null\nif [[ $? != 0 ]] ; then\n    cat << EOM\nerror: The sandbox is not in sync with the Podfile.lock. Run 'pod install' or update your CocoaPods installation.\nEOM\n    exit 1\nfi\n";
			showEnvVarsInLog = 0;
		};
		8DDBA57EA298704166C769ED /* Embed Pods Frameworks */ = {
			isa = PBXShellScriptBuildPhase;
			buildActionMask = 2147483647;
			files = (
			);
			inputPaths = (
			);
			name = "Embed Pods Frameworks";
			outputPaths = (
			);
			runOnlyForDeploymentPostprocessing = 0;
			shellPath = /bin/sh;
			shellScript = "\"${SRCROOT}/Pods/Target Support Files/Pods/Pods-frameworks.sh\"\n";
			showEnvVarsInLog = 0;
		};
		DBAB4AD6BCB135C9ACFE6BCD /* Copy Pods Resources */ = {
			isa = PBXShellScriptBuildPhase;
			buildActionMask = 2147483647;
			files = (
			);
			inputPaths = (
			);
			name = "Copy Pods Resources";
			outputPaths = (
			);
			runOnlyForDeploymentPostprocessing = 0;
			shellPath = /bin/sh;
			shellScript = "\"${SRCROOT}/Pods/Target Support Files/Pods/Pods-resources.sh\"\n";
			showEnvVarsInLog = 0;
		};
/* End PBXShellScriptBuildPhase section */

/* Begin PBXSourcesBuildPhase section */
		8C3C7F001C7BC9F000FF77EE /* Sources */ = {
			isa = PBXSourcesBuildPhase;
			buildActionMask = 2147483647;
			files = (
				8C3C7F0A1C7BC9F000FF77EE /* ViewController.swift in Sources */,
				8C3C7F081C7BC9F000FF77EE /* AppDelegate.swift in Sources */,
			);
			runOnlyForDeploymentPostprocessing = 0;
		};
/* End PBXSourcesBuildPhase section */

/* Begin PBXVariantGroup section */
		8C3C7F0B1C7BC9F000FF77EE /* Main.storyboard */ = {
			isa = PBXVariantGroup;
			children = (
				8C3C7F0C1C7BC9F000FF77EE /* Base */,
			);
			name = Main.storyboard;
			sourceTree = "<group>";
		};
		8C3C7F101C7BC9F000FF77EE /* LaunchScreen.storyboard */ = {
			isa = PBXVariantGroup;
			children = (
				8C3C7F111C7BC9F000FF77EE /* Base */,
			);
			name = LaunchScreen.storyboard;
			sourceTree = "<group>";
		};
/* End PBXVariantGroup section */

/* Begin XCBuildConfiguration section */
		8C3C7F141C7BC9F000FF77EE /* Debug */ = {
			isa = XCBuildConfiguration;
			buildSettings = {
				ALWAYS_SEARCH_USER_PATHS = NO;
				CLANG_CXX_LANGUAGE_STANDARD = "gnu++0x";
				CLANG_CXX_LIBRARY = "libc++";
				CLANG_ENABLE_MODULES = YES;
				CLANG_ENABLE_OBJC_ARC = YES;
				CLANG_WARN_BOOL_CONVERSION = YES;
				CLANG_WARN_CONSTANT_CONVERSION = YES;
				CLANG_WARN_DIRECT_OBJC_ISA_USAGE = YES_ERROR;
				CLANG_WARN_EMPTY_BODY = YES;
				CLANG_WARN_ENUM_CONVERSION = YES;
				CLANG_WARN_INT_CONVERSION = YES;
				CLANG_WARN_OBJC_ROOT_CLASS = YES_ERROR;
				CLANG_WARN_UNREACHABLE_CODE = YES;
				CLANG_WARN__DUPLICATE_METHOD_MATCH = YES;
				"CODE_SIGN_IDENTITY[sdk=iphoneos*]" = "iPhone Developer";
				COPY_PHASE_STRIP = NO;
				DEBUG_INFORMATION_FORMAT = dwarf;
				ENABLE_STRICT_OBJC_MSGSEND = YES;
				ENABLE_TESTABILITY = YES;
				GCC_C_LANGUAGE_STANDARD = gnu99;
				GCC_DYNAMIC_NO_PIC = NO;
				GCC_NO_COMMON_BLOCKS = YES;
				GCC_OPTIMIZATION_LEVEL = 0;
				GCC_PREPROCESSOR_DEFINITIONS = (
					"DEBUG=1",
					"$(inherited)",
				);
				GCC_WARN_64_TO_32_BIT_CONVERSION = YES;
				GCC_WARN_ABOUT_RETURN_TYPE = YES_ERROR;
				GCC_WARN_UNDECLARED_SELECTOR = YES;
				GCC_WARN_UNINITIALIZED_AUTOS = YES_AGGRESSIVE;
				GCC_WARN_UNUSED_FUNCTION = YES;
				GCC_WARN_UNUSED_VARIABLE = YES;
				IPHONEOS_DEPLOYMENT_TARGET = 9.1;
				MTL_ENABLE_DEBUG_INFO = YES;
				ONLY_ACTIVE_ARCH = YES;
				SDKROOT = iphoneos;
				SWIFT_OPTIMIZATION_LEVEL = "-Onone";
			};
			name = Debug;
		};
		8C3C7F151C7BC9F000FF77EE /* Release */ = {
			isa = XCBuildConfiguration;
			buildSettings = {
				ALWAYS_SEARCH_USER_PATHS = NO;
				CLANG_CXX_LANGUAGE_STANDARD = "gnu++0x";
				CLANG_CXX_LIBRARY = "libc++";
				CLANG_ENABLE_MODULES = YES;
				CLANG_ENABLE_OBJC_ARC = YES;
				CLANG_WARN_BOOL_CONVERSION = YES;
				CLANG_WARN_CONSTANT_CONVERSION = YES;
				CLANG_WARN_DIRECT_OBJC_ISA_USAGE = YES_ERROR;
				CLANG_WARN_EMPTY_BODY = YES;
				CLANG_WARN_ENUM_CONVERSION = YES;
				CLANG_WARN_INT_CONVERSION = YES;
				CLANG_WARN_OBJC_ROOT_CLASS = YES_ERROR;
				CLANG_WARN_UNREACHABLE_CODE = YES;
				CLANG_WARN__DUPLICATE_METHOD_MATCH = YES;
				"CODE_SIGN_IDENTITY[sdk=iphoneos*]" = "iPhone Developer";
				COPY_PHASE_STRIP = NO;
				DEBUG_INFORMATION_FORMAT = "dwarf-with-dsym";
				ENABLE_NS_ASSERTIONS = NO;
				ENABLE_STRICT_OBJC_MSGSEND = YES;
				GCC_C_LANGUAGE_STANDARD = gnu99;
				GCC_NO_COMMON_BLOCKS = YES;
				GCC_WARN_64_TO_32_BIT_CONVERSION = YES;
				GCC_WARN_ABOUT_RETURN_TYPE = YES_ERROR;
				GCC_WARN_UNDECLARED_SELECTOR = YES;
				GCC_WARN_UNINITIALIZED_AUTOS = YES_AGGRESSIVE;
				GCC_WARN_UNUSED_FUNCTION = YES;
				GCC_WARN_UNUSED_VARIABLE = YES;
				IPHONEOS_DEPLOYMENT_TARGET = 9.1;
				MTL_ENABLE_DEBUG_INFO = NO;
				SDKROOT = iphoneos;
				VALIDATE_PRODUCT = YES;
			};
			name = Release;
		};
		8C3C7F171C7BC9F000FF77EE /* Debug */ = {
			isa = XCBuildConfiguration;
			baseConfigurationReference = FB1FC1D6E1AF46D53D0BB422 /* Pods.debug.xcconfig */;
			buildSettings = {
				ASSETCATALOG_COMPILER_APPICON_NAME = AppIcon;
				INFOPLIST_FILE = SimplePolyline/Info.plist;
				LD_RUNPATH_SEARCH_PATHS = "$(inherited) @executable_path/Frameworks";
				PRODUCT_BUNDLE_IDENTIFIER = com.ludworks.SimplePolyline;
				PRODUCT_NAME = "$(TARGET_NAME)";
			};
			name = Debug;
		};
		8C3C7F181C7BC9F000FF77EE /* Release */ = {
			isa = XCBuildConfiguration;
			baseConfigurationReference = F1112003DB353929F828D4A8 /* Pods.release.xcconfig */;
			buildSettings = {
				ASSETCATALOG_COMPILER_APPICON_NAME = AppIcon;
				INFOPLIST_FILE = SimplePolyline/Info.plist;
				LD_RUNPATH_SEARCH_PATHS = "$(inherited) @executable_path/Frameworks";
				PRODUCT_BUNDLE_IDENTIFIER = com.ludworks.SimplePolyline;
				PRODUCT_NAME = "$(TARGET_NAME)";
			};
			name = Release;
		};
/* End XCBuildConfiguration section */

/* Begin XCConfigurationList section */
		8C3C7EFF1C7BC9F000FF77EE /* Build configuration list for PBXProject "SimplePolyline" */ = {
			isa = XCConfigurationList;
			buildConfigurations = (
				8C3C7F141C7BC9F000FF77EE /* Debug */,
				8C3C7F151C7BC9F000FF77EE /* Release */,
			);
			defaultConfigurationIsVisible = 0;
			defaultConfigurationName = Release;
		};
		8C3C7F161C7BC9F000FF77EE /* Build configuration list for PBXNativeTarget "SimplePolyline" */ = {
			isa = XCConfigurationList;
			buildConfigurations = (
				8C3C7F171C7BC9F000FF77EE /* Debug */,
				8C3C7F181C7BC9F000FF77EE /* Release */,
			);
			defaultConfigurationIsVisible = 0;
			defaultConfigurationName = Release;
		};
/* End XCConfigurationList section */
	};
	rootObject = 8C3C7EFC1C7BC9F000FF77EE /* Project object */;
}
